
Microsoft Visual Studio Solution File, Format Version 12.00
# Visual Studio Version 17
VisualStudioVersion = 17.0.31903.59
MinimumVisualStudioVersion = 10.0.40219.1
Project("{2150E333-8FDC-42A3-9474-1A3956D46DE8}") = "src", "src", "{827E0CD3-B72D-47B6-A68D-7590B98EB39B}"
EndProject
Project("{FAE04EC0-301F-11D3-BF4B-00C04F79EFBC}") = "PokerApp.Domain", "src\PokerApp.Domain\PokerApp.Domain.csproj", "{F3071C2E-DD08-46F1-8119-ED4E316FD310}"
EndProject
Project("{FAE04EC0-301F-11D3-BF4B-00C04F79EFBC}") = "PokerApp.Application", "src\PokerApp.Application\PokerApp.Application.csproj", "{06B6C10D-44DE-457B-9483-B909A05C1D89}"
EndProject
Project("{FAE04EC0-301F-11D3-BF4B-00C04F79EFBC}") = "PokerApp.Infrastructure", "src\PokerApp.Infrastructure\PokerApp.Infrastructure.csproj", "{80387F16-AD8D-46CA-A324-6E8E6F3ADE02}"
EndProject
Project("{FAE04EC0-301F-11D3-BF4B-00C04F79EFBC}") = "PokerApp.API", "src\PokerApp.API\PokerApp.API.csproj", "{A0484383-F67E-4F0E-BEB3-D68CE3268FB0}"
EndProject
Project("{FAE04EC0-301F-11D3-BF4B-00C04F79EFBC}") = "PokerApp.Tests", "src\PokerApp.Tests\PokerApp.Tests.csproj", "{8DF158E6-A02E-4D21-BA2D-9AD1ED624900}"
EndProject
Global
	GlobalSection(SolutionConfigurationPlatforms) = preSolution
		Debug|Any CPU = Debug|Any CPU
		Debug|x64 = Debug|x64
		Debug|x86 = Debug|x86
		Release|Any CPU = Release|Any CPU
		Release|x64 = Release|x64
		Release|x86 = Release|x86
	EndGlobalSection
	GlobalSection(ProjectConfigurationPlatforms) = postSolution
		{F3071C2E-DD08-46F1-8119-ED4E316FD310}.Debug|Any CPU.ActiveCfg = Debug|Any CPU
		{F3071C2E-DD08-46F1-8119-ED4E316FD310}.Debug|Any CPU.Build.0 = Debug|Any CPU
		{F3071C2E-DD08-46F1-8119-ED4E316FD310}.Debug|x64.ActiveCfg = Debug|Any CPU
		{F3071C2E-DD08-46F1-8119-ED4E316FD310}.Debug|x64.Build.0 = Debug|Any CPU
		{F3071C2E-DD08-46F1-8119-ED4E316FD310}.Debug|x86.ActiveCfg = Debug|Any CPU
		{F3071C2E-DD08-46F1-8119-ED4E316FD310}.Debug|x86.Build.0 = Debug|Any CPU
		{F3071C2E-DD08-46F1-8119-ED4E316FD310}.Release|Any CPU.ActiveCfg = Release|Any CPU
		{F3071C2E-DD08-46F1-8119-ED4E316FD310}.Release|Any CPU.Build.0 = Release|Any CPU
		{F3071C2E-DD08-46F1-8119-ED4E316FD310}.Release|x64.ActiveCfg = Release|Any CPU
		{F3071C2E-DD08-46F1-8119-ED4E316FD310}.Release|x64.Build.0 = Release|Any CPU
		{F3071C2E-DD08-46F1-8119-ED4E316FD310}.Release|x86.ActiveCfg = Release|Any CPU
		{F3071C2E-DD08-46F1-8119-ED4E316FD310}.Release|x86.Build.0 = Release|Any CPU
		{06B6C10D-44DE-457B-9483-B909A05C1D89}.Debug|Any CPU.ActiveCfg = Debug|Any CPU
		{06B6C10D-44DE-457B-9483-B909A05C1D89}.Debug|Any CPU.Build.0 = Debug|Any CPU
		{06B6C10D-44DE-457B-9483-B909A05C1D89}.Debug|x64.ActiveCfg = Debug|Any CPU
		{06B6C10D-44DE-457B-9483-B909A05C1D89}.Debug|x64.Build.0 = Debug|Any CPU
		{06B6C10D-44DE-457B-9483-B909A05C1D89}.Debug|x86.ActiveCfg = Debug|Any CPU
		{06B6C10D-44DE-457B-9483-B909A05C1D89}.Debug|x86.Build.0 = Debug|Any CPU
		{06B6C10D-44DE-457B-9483-B909A05C1D89}.Release|Any CPU.ActiveCfg = Release|Any CPU
		{06B6C10D-44DE-457B-9483-B909A05C1D89}.Release|Any CPU.Build.0 = Release|Any CPU
		{06B6C10D-44DE-457B-9483-B909A05C1D89}.Release|x64.ActiveCfg = Release|Any CPU
		{06B6C10D-44DE-457B-9483-B909A05C1D89}.Release|x64.Build.0 = Release|Any CPU
		{06B6C10D-44DE-457B-9483-B909A05C1D89}.Release|x86.ActiveCfg = Release|Any CPU
		{06B6C10D-44DE-457B-9483-B909A05C1D89}.Release|x86.Build.0 = Release|Any CPU
		{80387F16-AD8D-46CA-A324-6E8E6F3ADE02}.Debug|Any CPU.ActiveCfg = Debug|Any CPU
		{80387F16-AD8D-46CA-A324-6E8E6F3ADE02}.Debug|Any CPU.Build.0 = Debug|Any CPU
		{80387F16-AD8D-46CA-A324-6E8E6F3ADE02}.Debug|x64.ActiveCfg = Debug|Any CPU
		{80387F16-AD8D-46CA-A324-6E8E6F3ADE02}.Debug|x64.Build.0 = Debug|Any CPU
		{80387F16-AD8D-46CA-A324-6E8E6F3ADE02}.Debug|x86.ActiveCfg = Debug|Any CPU
		{80387F16-AD8D-46CA-A324-6E8E6F3ADE02}.Debug|x86.Build.0 = Debug|Any CPU
		{80387F16-AD8D-46CA-A324-6E8E6F3ADE02}.Release|Any CPU.ActiveCfg = Release|Any CPU
		{80387F16-AD8D-46CA-A324-6E8E6F3ADE02}.Release|Any CPU.Build.0 = Release|Any CPU
		{80387F16-AD8D-46CA-A324-6E8E6F3ADE02}.Release|x64.ActiveCfg = Release|Any CPU
		{80387F16-AD8D-46CA-A324-6E8E6F3ADE02}.Release|x64.Build.0 = Release|Any CPU
		{80387F16-AD8D-46CA-A324-6E8E6F3ADE02}.Release|x86.ActiveCfg = Release|Any CPU
		{80387F16-AD8D-46CA-A324-6E8E6F3ADE02}.Release|x86.Build.0 = Release|Any CPU
		{A0484383-F67E-4F0E-BEB3-D68CE3268FB0}.Debug|Any CPU.ActiveCfg = Debug|Any CPU
		{A0484383-F67E-4F0E-BEB3-D68CE3268FB0}.Debug|Any CPU.Build.0 = Debug|Any CPU
		{A0484383-F67E-4F0E-BEB3-D68CE3268FB0}.Debug|x64.ActiveCfg = Debug|Any CPU
		{A0484383-F67E-4F0E-BEB3-D68CE3268FB0}.Debug|x64.Build.0 = Debug|Any CPU
		{A0484383-F67E-4F0E-BEB3-D68CE3268FB0}.Debug|x86.ActiveCfg = Debug|Any CPU
		{A0484383-F67E-4F0E-BEB3-D68CE3268FB0}.Debug|x86.Build.0 = Debug|Any CPU
		{A0484383-F67E-4F0E-BEB3-D68CE3268FB0}.Release|Any CPU.ActiveCfg = Release|Any CPU
		{A0484383-F67E-4F0E-BEB3-D68CE3268FB0}.Release|Any CPU.Build.0 = Release|Any CPU
		{A0484383-F67E-4F0E-BEB3-D68CE3268FB0}.Release|x64.ActiveCfg = Release|Any CPU
		{A0484383-F67E-4F0E-BEB3-D68CE3268FB0}.Release|x64.Build.0 = Release|Any CPU
		{A0484383-F67E-4F0E-BEB3-D68CE3268FB0}.Release|x86.ActiveCfg = Release|Any CPU
		{A0484383-F67E-4F0E-BEB3-D68CE3268FB0}.Release|x86.Build.0 = Release|Any CPU
		{8DF158E6-A02E-4D21-BA2D-9AD1ED624900}.Debug|Any CPU.ActiveCfg = Debug|Any CPU
		{8DF158E6-A02E-4D21-BA2D-9AD1ED624900}.Debug|Any CPU.Build.0 = Debug|Any CPU
		{8DF158E6-A02E-4D21-BA2D-9AD1ED624900}.Debug|x64.ActiveCfg = Debug|Any CPU
		{8DF158E6-A02E-4D21-BA2D-9AD1ED624900}.Debug|x64.Build.0 = Debug|Any CPU
		{8DF158E6-A02E-4D21-BA2D-9AD1ED624900}.Debug|x86.ActiveCfg = Debug|Any CPU
		{8DF158E6-A02E-4D21-BA2D-9AD1ED624900}.Debug|x86.Build.0 = Debug|Any CPU
		{8DF158E6-A02E-4D21-BA2D-9AD1ED624900}.Release|Any CPU.ActiveCfg = Release|Any CPU
		{8DF158E6-A02E-4D21-BA2D-9AD1ED624900}.Release|Any CPU.Build.0 = Release|Any CPU
		{8DF158E6-A02E-4D21-BA2D-9AD1ED624900}.Release|x64.ActiveCfg = Release|Any CPU
		{8DF158E6-A02E-4D21-BA2D-9AD1ED624900}.Release|x64.Build.0 = Release|Any CPU
		{8DF158E6-A02E-4D21-BA2D-9AD1ED624900}.Release|x86.ActiveCfg = Release|Any CPU
		{8DF158E6-A02E-4D21-BA2D-9AD1ED624900}.Release|x86.Build.0 = Release|Any CPU
	EndGlobalSection
	GlobalSection(SolutionProperties) = preSolution
		HideSolutionNode = FALSE
	EndGlobalSection
	GlobalSection(NestedProjects) = preSolution
		{F3071C2E-DD08-46F1-8119-ED4E316FD310} = {827E0CD3-B72D-47B6-A68D-7590B98EB39B}
		{06B6C10D-44DE-457B-9483-B909A05C1D89} = {827E0CD3-B72D-47B6-A68D-7590B98EB39B}
		{80387F16-AD8D-46CA-A324-6E8E6F3ADE02} = {827E0CD3-B72D-47B6-A68D-7590B98EB39B}
		{A0484383-F67E-4F0E-BEB3-D68CE3268FB0} = {827E0CD3-B72D-47B6-A68D-7590B98EB39B}
		{8DF158E6-A02E-4D21-BA2D-9AD1ED624900} = {827E0CD3-B72D-47B6-A68D-7590B98EB39B}
	EndGlobalSection
EndGlobal
